{
  "name": "enroll_nx",
  "version": "1.0.0",
  "lockfileVersion": 3,
  "requires": true,
  "packages": {
    "": {
      "name": "enroll_nx",
      "version": "1.0.0",
      "devDependencies": {
        "@types/chrome": "^0.0.326",
        "rolldown": "^1.0.0-beta.13"
      }
    },
    "node_modules/@emnapi/core": {
      "version": "1.4.3",
      "resolved": "https://registry.npmmirror.com/@emnapi/core/-/core-1.4.3.tgz",
      "integrity": "sha512-4m62DuCE07lw01soJwPiBGC0nAww0Q+RY70VZ+n49yDIO13yyinhbWCeNnaob0lakDtWQzSdtNWzJeOJt2ma+g==",
      "dev": true,
      "license": "MIT",
      "optional": true,
      "dependencies": {
        "@emnapi/wasi-threads": "1.0.2",
        "tslib": "^2.4.0"
      }
    },
    "node_modules/@emnapi/runtime": {
      "version": "1.4.3",
      "resolved": "https://registry.npmmirror.com/@emnapi/runtime/-/runtime-1.4.3.tgz",
      "integrity": "sha512-pBPWdu6MLKROBX05wSNKcNb++m5Er+KQ9QkB+WVM+pW2Kx9hoSrVTnu3BdkI5eBLZoKu/J6mW/B6i6bJB2ytXQ==",
      "dev": true,
      "license": "MIT",
      "optional": true,
      "dependencies": {
        "tslib": "^2.4.0"
      }
    },
    "node_modules/@emnapi/wasi-threads": {
      "version": "1.0.2",
      "resolved": "https://registry.npmmirror.com/@emnapi/wasi-threads/-/wasi-threads-1.0.2.tgz",
      "integrity": "sha512-5n3nTJblwRi8LlXkJ9eBzu+kZR8Yxcc7ubakyQTFzPMtIhFpUBRbsnc2Dv88IZDIbCDlBiWrknhB4Lsz7mg6BA==",
      "dev": true,
      "license": "MIT",
      "optional": true,
      "dependencies": {
        "tslib": "^2.4.0"
      }
    },
    "node_modules/@napi-rs/wasm-runtime": {
      "version": "0.2.10",
      "resolved": "https://registry.npmmirror.com/@napi-rs/wasm-runtime/-/wasm-runtime-0.2.10.tgz",
      "integrity": "sha512-bCsCyeZEwVErsGmyPNSzwfwFn4OdxBj0mmv6hOFucB/k81Ojdu68RbZdxYsRQUPc9l6SU5F/cG+bXgWs3oUgsQ==",
      "dev": true,
      "license": "MIT",
      "optional": true,
      "dependencies": {
        "@emnapi/core": "^1.4.3",
        "@emnapi/runtime": "^1.4.3",
        "@tybys/wasm-util": "^0.9.0"
      }
    },
    "node_modules/@oxc-project/runtime": {
      "version": "0.72.3",
      "resolved": "https://registry.npmmirror.com/@oxc-project/runtime/-/runtime-0.72.3.tgz",
      "integrity": "sha512-FtOS+0v7rZcnjXzYTTqv1vu/KDptD1UztFgoZkYBGe/6TcNFm+SP/jQoLvzau1SPir95WgDOBOUm2Gmsm+bQag==",
      "dev": true,
      "license": "MIT",
      "engines": {
        "node": ">=6.9.0"
      }
    },
    "node_modules/@oxc-project/types": {
      "version": "0.72.3",
      "resolved": "https://registry.npmmirror.com/@oxc-project/types/-/types-0.72.3.tgz",
      "integrity": "sha512-CfAC4wrmMkUoISpQkFAIfMVvlPfQV3xg7ZlcqPXPOIMQhdKIId44G8W0mCPgtpWdFFAyJ+SFtiM+9vbyCkoVng==",
      "dev": true,
      "license": "MIT",
      "funding": {
        "url": "https://github.com/sponsors/Boshen"
      }
    },
    "node_modules/@rolldown/binding-darwin-arm64": {
      "version": "1.0.0-beta.13",
      "resolved": "https://registry.npmmirror.com/@rolldown/binding-darwin-arm64/-/binding-darwin-arm64-1.0.0-beta.13.tgz",
      "integrity": "sha512-9ue15ZCtNrQvLUWuLOY3GX7sSjzO0QIwiL5MWod3TVjhPLAjVWs0qmslTYhHqZAxdPfo14vbsr8QzHcHA0156A==",
      "cpu": [
        "arm64"
      ],
      "dev": true,
      "license": "MIT",
      "optional": true,
      "os": [
        "darwin"
      ]
    },
    "node_modules/@rolldown/binding-darwin-x64": {
      "version": "1.0.0-beta.13",
      "resolved": "https://registry.npmmirror.com/@rolldown/binding-darwin-x64/-/binding-darwin-x64-1.0.0-beta.13.tgz",
      "integrity": "sha512-9ZiAYibiaUKeXKlmyY6b5d20ULNk0iW22+SKk4rP+2nlwfoe8Nf0f2zxSbMGkRvVEnusf9oI/cjnkdYKEZlieQ==",
      "cpu": [
        "x64"
      ],
      "dev": true,
      "license": "MIT",
      "optional": true,
      "os": [
        "darwin"
      ]
    },
    "node_modules/@rolldown/binding-freebsd-x64": {
      "version": "1.0.0-beta.13",
      "resolved": "https://registry.npmmirror.com/@rolldown/binding-freebsd-x64/-/binding-freebsd-x64-1.0.0-beta.13.tgz",
      "integrity": "sha512-EFobmGUu3q9oqGB2vpySFKRfCtvWwXIyhziANXBTMHfW5UOjjB1XGbKIQ8TZNAgmQUIkbn3gOS7MV+DGW3SDoQ==",
      "cpu": [
        "x64"
      ],
      "dev": true,
      "license": "MIT",
      "optional": true,
      "os": [
        "freebsd"
      ]
    },
    "node_modules/@rolldown/binding-linux-arm-gnueabihf": {
      "version": "1.0.0-beta.13",
      "resolved": "https://registry.npmmirror.com/@rolldown/binding-linux-arm-gnueabihf/-/binding-linux-arm-gnueabihf-1.0.0-beta.13.tgz",
      "integrity": "sha512-QrlnQpuNXQvX7hjb0RQD9xfSGQFxdYPOYJEx7NEodDywNuDaHtZR54KfhRchavdDKzfFO4ik2xKGavTFmHfyFQ==",
      "cpu": [
        "arm"
      ],
      "dev": true,
      "license": "MIT",
      "optional": true,
      "os": [
        "linux"
      ]
    },
    "node_modules/@rolldown/binding-linux-arm64-gnu": {
      "version": "1.0.0-beta.13",
      "resolved": "https://registry.npmmirror.com/@rolldown/binding-linux-arm64-gnu/-/binding-linux-arm64-gnu-1.0.0-beta.13.tgz",
      "integrity": "sha512-YoLZtCwImcumyFZUsSpSoH3wW7IJp++e3rNZGvM/adsBig2JHOOuXLlTx7kS3bgsZtpGhQviVj4f+CsX9FQRjg==",
      "cpu": [
        "arm64"
      ],
      "dev": true,
      "license": "MIT",
      "optional": true,
      "os": [
        "linux"
      ]
    },
    "node_modules/@rolldown/binding-linux-arm64-musl": {
      "version": "1.0.0-beta.13",
      "resolved": "https://registry.npmmirror.com/@rolldown/binding-linux-arm64-musl/-/binding-linux-arm64-musl-1.0.0-beta.13.tgz",
      "integrity": "sha512-vGCXCmThqGpDEbPWHzeg2RRBFvlHu58ro4Muu2knb2x8cz0Bz/7/+0rMEDw2+9/8yWLMGbm3XoFZ+ca513j24A==",
      "cpu": [
        "arm64"
      ],
      "dev": true,
      "license": "MIT",
      "optional": true,
      "os": [
        "linux"
      ]
    },
    "node_modules/@rolldown/binding-linux-x64-gnu": {
      "version": "1.0.0-beta.13",
      "resolved": "https://registry.npmmirror.com/@rolldown/binding-linux-x64-gnu/-/binding-linux-x64-gnu-1.0.0-beta.13.tgz",
      "integrity": "sha512-waMlBb3dALvafIzuoTodDLHyiVWfqk1qwRMtzb6XOmBhbH8no4ge1/zdPd0zyqmqCwR40MRJ0QACdxZdNSt5pQ==",
      "cpu": [
        "x64"
      ],
      "dev": true,
      "license": "MIT",
      "optional": true,
      "os": [
        "linux"
      ]
    },
    "node_modules/@rolldown/binding-linux-x64-musl": {
      "version": "1.0.0-beta.13",
      "resolved": "https://registry.npmmirror.com/@rolldown/binding-linux-x64-musl/-/binding-linux-x64-musl-1.0.0-beta.13.tgz",
      "integrity": "sha512-OgggZ5n5aIOPwGxgaarEaJXGxkPXBPk6+m884Eg8gDtca6+lmlGUpVexLLUwqrZj9uMokZiBD930drvgZkz0LQ==",
      "cpu": [
        "x64"
      ],
      "dev": true,
      "license": "MIT",
      "optional": true,
      "os": [
        "linux"
      ]
    },
    "node_modules/@rolldown/binding-wasm32-wasi": {
      "version": "1.0.0-beta.13",
      "resolved": "https://registry.npmmirror.com/@rolldown/binding-wasm32-wasi/-/binding-wasm32-wasi-1.0.0-beta.13.tgz",
      "integrity": "sha512-G2C0yK3nW74J/ItO3KL/dYKDlcjOA//q6MLYXeiTKxAU58nvuS5rU9tYN55HhbZpcl75mv7peO+9SBRS4HqCiA==",
      "cpu": [
        "wasm32"
      ],
      "dev": true,
      "license": "MIT",
      "optional": true,
      "dependencies": {
        "@napi-rs/wasm-runtime": "^0.2.10"
      },
      "engines": {
        "node": ">=14.21.3"
      }
    },
    "node_modules/@rolldown/binding-win32-arm64-msvc": {
      "version": "1.0.0-beta.13",
      "resolved": "https://registry.npmmirror.com/@rolldown/binding-win32-arm64-msvc/-/binding-win32-arm64-msvc-1.0.0-beta.13.tgz",
      "integrity": "sha512-ZhIfmL1dlFA2l4HE83ybH1kqaJjetxnVH8qrefUowyBAiW3wM6p3B7GRPXiwjNNiGetsTP+lQQtGN5U4qhwKYg==",
      "cpu": [
        "arm64"
      ],
      "dev": true,
      "license": "MIT",
      "optional": true,
      "os": [
        "win32"
      ]
    },
    "node_modules/@rolldown/binding-win32-ia32-msvc": {
      "version": "1.0.0-beta.13",
      "resolved": "https://registry.npmmirror.com/@rolldown/binding-win32-ia32-msvc/-/binding-win32-ia32-msvc-1.0.0-beta.13.tgz",
      "integrity": "sha512-ROtiorksHQC37/jVvyHX5J8fqUGHKE/ZVI2uY/rSW859g7H2YDUCMAhD+B7Z1r32U2wx+MYUtBXKbTloR45Ymw==",
      "cpu": [
        "ia32"
      ],
      "dev": true,
      "license": "MIT",
      "optional": true,
      "os": [
        "win32"
      ]
    },
    "node_modules/@rolldown/binding-win32-x64-msvc": {
      "version": "1.0.0-beta.13",
      "resolved": "https://registry.npmmirror.com/@rolldown/binding-win32-x64-msvc/-/binding-win32-x64-msvc-1.0.0-beta.13.tgz",
      "integrity": "sha512-QQsOUGYTk4YnJndZujTqKpIdVRUzEgoFMHRfCBVXZ74oveqb9hNc9YTpWL2/VBoneHdbS02EW2a1NrZjpJevwQ==",
      "cpu": [
        "x64"
      ],
      "dev": true,
      "license": "MIT",
      "optional": true,
      "os": [
        "win32"
      ]
    },
    "node_modules/@rolldown/pluginutils": {
      "version": "1.0.0-beta.13",
      "resolved": "https://registry.npmmirror.com/@rolldown/pluginutils/-/pluginutils-1.0.0-beta.13.tgz",
      "integrity": "sha512-/9TBv7Ir9ojO1mDlTy35X0GSGqvP+aRa44i2fciAK/EEJeimvJyL6eN2Ug2RwXEGFVumgZh231PeykYjo2WBtw==",
      "dev": true,
      "license": "MIT"
    },
    "node_modules/@tybys/wasm-util": {
      "version": "0.9.0",
      "resolved": "https://registry.npmmirror.com/@tybys/wasm-util/-/wasm-util-0.9.0.tgz",
      "integrity": "sha512-6+7nlbMVX/PVDCwaIQ8nTOPveOcFLSt8GcXdx8hD0bt39uWxYT88uXzqTd4fTvqta7oeUJqudepapKNt2DYJFw==",
      "dev": true,
      "license": "MIT",
      "optional": true,
      "dependencies": {
        "tslib": "^2.4.0"
      }
    },
    "node_modules/@types/chrome": {
      "version": "0.0.326",
      "resolved": "https://registry.npmmirror.com/@types/chrome/-/chrome-0.0.326.tgz",
      "integrity": "sha512-WS7jKf3ZRZFHOX7dATCZwqNJgdfiSF0qBRFxaO0LhIOvTNBrfkab26bsZwp6EBpYtqp8loMHJTnD6vDTLWPKYw==",
      "dev": true,
      "license": "MIT",
      "dependencies": {
        "@types/filesystem": "*",
        "@types/har-format": "*"
      }
    },
    "node_modules/@types/filesystem": {
      "version": "0.0.36",
      "resolved": "https://registry.npmmirror.com/@types/filesystem/-/filesystem-0.0.36.tgz",
      "integrity": "sha512-vPDXOZuannb9FZdxgHnqSwAG/jvdGM8Wq+6N4D/d80z+D4HWH+bItqsZaVRQykAn6WEVeEkLm2oQigyHtgb0RA==",
      "dev": true,
      "license": "MIT",
      "dependencies": {
        "@types/filewriter": "*"
      }
    },
    "node_modules/@types/filewriter": {
      "version": "0.0.33",
      "resolved": "https://registry.npmmirror.com/@types/filewriter/-/filewriter-0.0.33.tgz",
      "integrity": "sha512-xFU8ZXTw4gd358lb2jw25nxY9QAgqn2+bKKjKOYfNCzN4DKCFetK7sPtrlpg66Ywe3vWY9FNxprZawAh9wfJ3g==",
      "dev": true,
      "license": "MIT"
    },
    "node_modules/@types/har-format": {
      "version": "1.2.16",
      "resolved": "https://registry.npmmirror.com/@types/har-format/-/har-format-1.2.16.tgz",
      "integrity": "sha512-fluxdy7ryD3MV6h8pTfTYpy/xQzCFC7m89nOH9y94cNqJ1mDIDPut7MnRHI3F6qRmh/cT2fUjG1MLdCNb4hE9A==",
      "dev": true,
      "license": "MIT"
    },
    "node_modules/ansis": {
      "version": "4.1.0",
      "resolved": "https://registry.npmmirror.com/ansis/-/ansis-4.1.0.tgz",
      "integrity": "sha512-BGcItUBWSMRgOCe+SVZJ+S7yTRG0eGt9cXAHev72yuGcY23hnLA7Bky5L/xLyPINoSN95geovfBkqoTlNZYa7w==",
      "dev": true,
      "license": "ISC",
      "engines": {
        "node": ">=14"
      }
    },
    "node_modules/rolldown": {
      "version": "1.0.0-beta.13",
      "resolved": "https://registry.npmmirror.com/rolldown/-/rolldown-1.0.0-beta.13.tgz",
      "integrity": "sha512-Px1lfjC9EnB5hJt+tbp4IORGNB6d3wrSEkxNta7QQc6qhG3ofD5d/yjhqsedK7S5QA0zH+vhPFLN7TyMwRk5xw==",
      "dev": true,
      "license": "MIT",
      "dependencies": {
        "@oxc-project/runtime": "=0.72.3",
        "@oxc-project/types": "=0.72.3",
        "@rolldown/pluginutils": "1.0.0-beta.13",
        "ansis": "^4.0.0"
      },
      "bin": {
        "rolldown": "bin/cli.mjs"
      },
      "optionalDependencies": {
        "@rolldown/binding-darwin-arm64": "1.0.0-beta.13",
        "@rolldown/binding-darwin-x64": "1.0.0-beta.13",
        "@rolldown/binding-freebsd-x64": "1.0.0-beta.13",
        "@rolldown/binding-linux-arm-gnueabihf": "1.0.0-beta.13",
        "@rolldown/binding-linux-arm64-gnu": "1.0.0-beta.13",
        "@rolldown/binding-linux-arm64-musl": "1.0.0-beta.13",
        "@rolldown/binding-linux-x64-gnu": "1.0.0-beta.13",
        "@rolldown/binding-linux-x64-musl": "1.0.0-beta.13",
        "@rolldown/binding-wasm32-wasi": "1.0.0-beta.13",
        "@rolldown/binding-win32-arm64-msvc": "1.0.0-beta.13",
        "@rolldown/binding-win32-ia32-msvc": "1.0.0-beta.13",
        "@rolldown/binding-win32-x64-msvc": "1.0.0-beta.13"
      }
    },
    "node_modules/tslib": {
      "version": "2.8.1",
      "resolved": "https://registry.npmmirror.com/tslib/-/tslib-2.8.1.tgz",
      "integrity": "sha512-oJFu94HQb+KVduSUQL7wnpmqnfmLsOA/nAh6b6EH0wCEoK0/mPeXU6c3wKDV83MkOuHPRHtSXKKU99IBazS/2w==",
      "dev": true,
      "license": "0BSD",
      "optional": true
    }
  }
}
